
Microsoft Visual Studio Solution File, Format Version 12.00
# Visual Studio Version 16
VisualStudioVersion = 16.0.31205.134
MinimumVisualStudioVersion = 10.0.40219.1
Project("{FAE04EC0-301F-11D3-BF4B-00C04F79EFBC}") = "Online_Cloths", "Online_Cloths\Online_Cloths.csproj", "{B629A940-9501-41C8-A2AA-50A0E102B8EF}"
EndProject
Global
	GlobalSection(SolutionConfigurationPlatforms) = preSolution
		Debug|Any CPU = Debug|Any CPU
		Release|Any CPU = Release|Any CPU
	EndGlobalSection
	GlobalSection(ProjectConfigurationPlatforms) = postSolution
		{B629A940-9501-41C8-A2AA-50A0E102B8EF}.Debug|Any CPU.ActiveCfg = Debug|Any CPU
		{B629A940-9501-41C8-A2AA-50A0E102B8EF}.Debug|Any CPU.Build.0 = Debug|Any CPU
		{B629A940-9501-41C8-A2AA-50A0E102B8EF}.Release|Any CPU.ActiveCfg = Release|Any CPU
		{B629A940-9501-41C8-A2AA-50A0E102B8EF}.Release|Any CPU.Build.0 = Release|Any CPU
	EndGlobalSection
	GlobalSection(SolutionProperties) = preSolution
		HideSolutionNode = FALSE
	EndGlobalSection
	GlobalSection(ExtensibilityGlobals) = postSolution
		SolutionGuid = {458E21F9-7176-4E57-A68A-EC8C27F2D4FC}
	EndGlobalSection
EndGlobal
